
Microsoft Visual Studio Solution File, Format Version 12.00
Project("{FAE04EC0-301F-11D3-BF4B-00C04F79EFBC}") = "HabitTracker.UI", "HabitTracker.UI\HabitTracker.UI.csproj", "{B615498B-8F1B-4723-9E45-6D7F8A43506B}"
EndProject
Project("{FAE04EC0-301F-11D3-BF4B-00C04F79EFBC}") = "HabitTracker.Core", "HabitTracker.Core\HabitTracker.Core.csproj", "{0E3EA30E-4E95-4848-86EF-81D31EA6FE8E}"
EndProject
Global
	GlobalSection(SolutionConfigurationPlatforms) = preSolution
		Debug|Any CPU = Debug|Any CPU
		Release|Any CPU = Release|Any CPU
	EndGlobalSection
	GlobalSection(ProjectConfigurationPlatforms) = postSolution
		{B615498B-8F1B-4723-9E45-6D7F8A43506B}.Debug|Any CPU.ActiveCfg = Debug|Any CPU
		{B615498B-8F1B-4723-9E45-6D7F8A43506B}.Debug|Any CPU.Build.0 = Debug|Any CPU
		{B615498B-8F1B-4723-9E45-6D7F8A43506B}.Release|Any CPU.ActiveCfg = Release|Any CPU
		{B615498B-8F1B-4723-9E45-6D7F8A43506B}.Release|Any CPU.Build.0 = Release|Any CPU
		{0E3EA30E-4E95-4848-86EF-81D31EA6FE8E}.Debug|Any CPU.ActiveCfg = Debug|Any CPU
		{0E3EA30E-4E95-4848-86EF-81D31EA6FE8E}.Debug|Any CPU.Build.0 = Debug|Any CPU
		{0E3EA30E-4E95-4848-86EF-81D31EA6FE8E}.Release|Any CPU.ActiveCfg = Release|Any CPU
		{0E3EA30E-4E95-4848-86EF-81D31EA6FE8E}.Release|Any CPU.Build.0 = Release|Any CPU
	EndGlobalSection
EndGlobal
